
Microsoft Visual Studio Solution File, Format Version 12.00
# Visual Studio 15
VisualStudioVersion = 15.0.28307.705
MinimumVisualStudioVersion = 10.0.40219.1
Project("{FAE04EC0-301F-11D3-BF4B-00C04F79EFBC}") = "TicTacToe", "TicTacToe.csproj", "{DE184F90-F5AE-496C-859A-144D1B57340F}"
EndProject
Global
	GlobalSection(SolutionConfigurationPlatforms) = preSolution
		Debug|Any CPU = Debug|Any CPU
		Release|Any CPU = Release|Any CPU
	EndGlobalSection
	GlobalSection(ProjectConfigurationPlatforms) = postSolution
		{DE184F90-F5AE-496C-859A-144D1B57340F}.Debug|Any CPU.ActiveCfg = Debug|Any CPU
		{DE184F90-F5AE-496C-859A-144D1B57340F}.Debug|Any CPU.Build.0 = Debug|Any CPU
		{DE184F90-F5AE-496C-859A-144D1B57340F}.Release|Any CPU.ActiveCfg = Release|Any CPU
		{DE184F90-F5AE-496C-859A-144D1B57340F}.Release|Any CPU.Build.0 = Release|Any CPU
	EndGlobalSection
	GlobalSection(SolutionProperties) = preSolution
		HideSolutionNode = FALSE
	EndGlobalSection
	GlobalSection(ExtensibilityGlobals) = postSolution
		SolutionGuid = {DD68773D-3F1E-4F2A-BFD0-FFF789E513DA}
	EndGlobalSection
EndGlobal
