
Microsoft Visual Studio Solution File, Format Version 12.00
# Visual Studio 15
VisualStudioVersion = 15.0.28307.705
MinimumVisualStudioVersion = 10.0.40219.1
Project("{FAE04EC0-301F-11D3-BF4B-00C04F79EFBC}") = "Calendar", "Calendar.csproj", "{ABCEABAA-A650-4605-82DA-FB8112B8A08D}"
EndProject
Global
	GlobalSection(SolutionConfigurationPlatforms) = preSolution
		Debug|Any CPU = Debug|Any CPU
		Release|Any CPU = Release|Any CPU
	EndGlobalSection
	GlobalSection(ProjectConfigurationPlatforms) = postSolution
		{ABCEABAA-A650-4605-82DA-FB8112B8A08D}.Debug|Any CPU.ActiveCfg = Debug|Any CPU
		{ABCEABAA-A650-4605-82DA-FB8112B8A08D}.Debug|Any CPU.Build.0 = Debug|Any CPU
		{ABCEABAA-A650-4605-82DA-FB8112B8A08D}.Release|Any CPU.ActiveCfg = Release|Any CPU
		{ABCEABAA-A650-4605-82DA-FB8112B8A08D}.Release|Any CPU.Build.0 = Release|Any CPU
	EndGlobalSection
	GlobalSection(SolutionProperties) = preSolution
		HideSolutionNode = FALSE
	EndGlobalSection
	GlobalSection(ExtensibilityGlobals) = postSolution
		SolutionGuid = {115C06F7-116D-4DAA-A68C-37E291FF8121}
	EndGlobalSection
EndGlobal
